
Microsoft Visual Studio Solution File, Format Version 12.00
# Visual Studio Version 17
VisualStudioVersion = 17.6.33829.357
MinimumVisualStudioVersion = 10.0.40219.1
Project("{9A19103F-16F7-4668-BE54-9A1E7A4F7556}") = "SubjectDependencyGraph", "SubjectDependencyGraph\SubjectDependencyGraph.csproj", "{AD4C7FB4-4E43-49CF-B123-ECAD50A8611A}"
EndProject
Project("{2150E333-8FDC-42A3-9474-1A3956D46DE8}") = "NewFolder1", "NewFolder1", "{509F4085-75B6-40E3-AA40-C9FC2E1B655B}"
EndProject
Global
	GlobalSection(SolutionConfigurationPlatforms) = preSolution
		Debug|Any CPU = Debug|Any CPU
		Release|Any CPU = Release|Any CPU
	EndGlobalSection
	GlobalSection(ProjectConfigurationPlatforms) = postSolution
		{AD4C7FB4-4E43-49CF-B123-ECAD50A8611A}.Debug|Any CPU.ActiveCfg = Debug|Any CPU
		{AD4C7FB4-4E43-49CF-B123-ECAD50A8611A}.Debug|Any CPU.Build.0 = Debug|Any CPU
		{AD4C7FB4-4E43-49CF-B123-ECAD50A8611A}.Release|Any CPU.ActiveCfg = Release|Any CPU
		{AD4C7FB4-4E43-49CF-B123-ECAD50A8611A}.Release|Any CPU.Build.0 = Release|Any CPU
	EndGlobalSection
	GlobalSection(SolutionProperties) = preSolution
		HideSolutionNode = FALSE
	EndGlobalSection
	GlobalSection(ExtensibilityGlobals) = postSolution
		SolutionGuid = {4F8FFA7E-C3FD-45F4-BD41-143855E63F02}
	EndGlobalSection
EndGlobal
